Microsoft Visual Studio Solution File, Format Version 12.00
# Visual Studio 15
VisualStudioVersion = 15.0.34526.175
MinimumVisualStudioVersion = 10.0.40219.1
Project("{FAE04EC0-301F-11D3-BF4B-00C04F79EFBC}") = "DrawTools", "DrawTools\DrawTools.csproj", "{81A153EA-0605-4433-B769-BADDB980A701}"
	ProjectSection(ProjectDependencies) = postProject
		{EF871417-414A-462F-9B30-6EEC3920499F} = {EF871417-414A-462F-9B30-6EEC3920499F}
	EndProjectSection
EndProject
Project("{FAE04EC0-301F-11D3-BF4B-00C04F79EFBC}") = "DocToolkit", "DocToolkit\DocToolkit.csproj", "{EF871417-414A-462F-9B30-6EEC3920499F}"
EndProject
Project("{FAE04EC0-301F-11D3-BF4B-00C04F79EFBC}") = "DAL", "DAL\DAL.csproj", "{6CD034C9-55EB-49DA-9083-4080BD81439F}"
EndProject
Project("{FAE04EC0-301F-11D3-BF4B-00C04F79EFBC}") = "BLL", "BLL\BLL.csproj", "{F78B6AA5-671B-4D4E-8CA8-F77C80372FC9}"
EndProject
Global
	GlobalSection(SolutionConfigurationPlatforms) = preSolution
		Debug|Any CPU = Debug|Any CPU
		Debug|Win32 = Debug|Win32
		Release|Any CPU = Release|Any CPU
		Release|Win32 = Release|Win32
	EndGlobalSection
	GlobalSection(ProjectConfigurationPlatforms) = postSolution
		{81A153EA-0605-4433-B769-BADDB980A701}.Debug|Any CPU.ActiveCfg = Debug|Any CPU
		{81A153EA-0605-4433-B769-BADDB980A701}.Debug|Any CPU.Build.0 = Debug|Any CPU
		{81A153EA-0605-4433-B769-BADDB980A701}.Debug|Win32.ActiveCfg = Debug|Any CPU
		{81A153EA-0605-4433-B769-BADDB980A701}.Release|Any CPU.ActiveCfg = Release|Any CPU
		{81A153EA-0605-4433-B769-BADDB980A701}.Release|Any CPU.Build.0 = Release|Any CPU
		{81A153EA-0605-4433-B769-BADDB980A701}.Release|Win32.ActiveCfg = Release|Any CPU
		{EF871417-414A-462F-9B30-6EEC3920499F}.Debug|Any CPU.ActiveCfg = Debug|Any CPU
		{EF871417-414A-462F-9B30-6EEC3920499F}.Debug|Any CPU.Build.0 = Debug|Any CPU
		{EF871417-414A-462F-9B30-6EEC3920499F}.Debug|Win32.ActiveCfg = Debug|Any CPU
		{EF871417-414A-462F-9B30-6EEC3920499F}.Release|Any CPU.ActiveCfg = Release|Any CPU
		{EF871417-414A-462F-9B30-6EEC3920499F}.Release|Any CPU.Build.0 = Release|Any CPU
		{EF871417-414A-462F-9B30-6EEC3920499F}.Release|Win32.ActiveCfg = Release|Any CPU
		{6CD034C9-55EB-49DA-9083-4080BD81439F}.Debug|Any CPU.ActiveCfg = Debug|Any CPU
		{6CD034C9-55EB-49DA-9083-4080BD81439F}.Debug|Any CPU.Build.0 = Debug|Any CPU
		{6CD034C9-55EB-49DA-9083-4080BD81439F}.Debug|Win32.ActiveCfg = Debug|Any CPU
		{6CD034C9-55EB-49DA-9083-4080BD81439F}.Debug|Win32.Build.0 = Debug|Any CPU
		{6CD034C9-55EB-49DA-9083-4080BD81439F}.Release|Any CPU.ActiveCfg = Release|Any CPU
		{6CD034C9-55EB-49DA-9083-4080BD81439F}.Release|Any CPU.Build.0 = Release|Any CPU
		{6CD034C9-55EB-49DA-9083-4080BD81439F}.Release|Win32.ActiveCfg = Release|Any CPU
		{6CD034C9-55EB-49DA-9083-4080BD81439F}.Release|Win32.Build.0 = Release|Any CPU
		{F78B6AA5-671B-4D4E-8CA8-F77C80372FC9}.Debug|Any CPU.ActiveCfg = Debug|Any CPU
		{F78B6AA5-671B-4D4E-8CA8-F77C80372FC9}.Debug|Any CPU.Build.0 = Debug|Any CPU
		{F78B6AA5-671B-4D4E-8CA8-F77C80372FC9}.Debug|Win32.ActiveCfg = Debug|Any CPU
		{F78B6AA5-671B-4D4E-8CA8-F77C80372FC9}.Debug|Win32.Build.0 = Debug|Any CPU
		{F78B6AA5-671B-4D4E-8CA8-F77C80372FC9}.Release|Any CPU.ActiveCfg = Release|Any CPU
		{F78B6AA5-671B-4D4E-8CA8-F77C80372FC9}.Release|Any CPU.Build.0 = Release|Any CPU
		{F78B6AA5-671B-4D4E-8CA8-F77C80372FC9}.Release|Win32.ActiveCfg = Release|Any CPU
		{F78B6AA5-671B-4D4E-8CA8-F77C80372FC9}.Release|Win32.Build.0 = Release|Any CPU
	EndGlobalSection
	GlobalSection(SolutionProperties) = preSolution
		HideSolutionNode = FALSE
	EndGlobalSection
	GlobalSection(ExtensibilityGlobals) = postSolution
		SolutionGuid = {D3BC9E0B-B78B-4222-82E2-E83D8B82A436}
	EndGlobalSection
EndGlobal
