Microsoft Visual Studio Solution File, Format Version 12.00
# Visual Studio Version 16
VisualStudioVersion = 16.0.29123.88
MinimumVisualStudioVersion = 10.0.40219.1
Project("{FAE04EC0-301F-11D3-BF4B-00C04F79EFBC}") = "DrawTools", "DrawTools.csproj", "{81A153EA-0605-4433-B769-BADDB980A701}"
EndProject
Global
	GlobalSection(SolutionConfigurationPlatforms) = preSolution
		Debug|Any CPU = Debug|Any CPU
		Release|Any CPU = Release|Any CPU
	EndGlobalSection
	GlobalSection(ProjectConfigurationPlatforms) = postSolution
		{81A153EA-0605-4433-B769-BADDB980A701}.Debug|Any CPU.ActiveCfg = Debug|Any CPU
		{81A153EA-0605-4433-B769-BADDB980A701}.Debug|Any CPU.Build.0 = Debug|Any CPU
		{81A153EA-0605-4433-B769-BADDB980A701}.Release|Any CPU.ActiveCfg = Release|Any CPU
		{81A153EA-0605-4433-B769-BADDB980A701}.Release|Any CPU.Build.0 = Release|Any CPU
	EndGlobalSection
	GlobalSection(SolutionProperties) = preSolution
		HideSolutionNode = FALSE
	EndGlobalSection
	GlobalSection(ExtensibilityGlobals) = postSolution
		SolutionGuid = {DCFADBCE-B558-4E0D-9D5B-CC0AAF5F0B4B}
	EndGlobalSection
EndGlobal
